
Microsoft Visual Studio Solution File, Format Version 12.00
# Visual Studio 15
VisualStudioVersion = 15.0.27428.2005
MinimumVisualStudioVersion = 10.0.40219.1
Project("{F184B08F-C81C-45F6-A57F-5ABD9991F28F}") = "milton", "milton\milton.vbproj", "{28785948-5DCD-4BA5-A795-8E6019CCBECA}"
EndProject
Global
	GlobalSection(SolutionConfigurationPlatforms) = preSolution
		Debug|Any CPU = Debug|Any CPU
		Release|Any CPU = Release|Any CPU
	EndGlobalSection
	GlobalSection(ProjectConfigurationPlatforms) = postSolution
		{28785948-5DCD-4BA5-A795-8E6019CCBECA}.Debug|Any CPU.ActiveCfg = Debug|Any CPU
		{28785948-5DCD-4BA5-A795-8E6019CCBECA}.Debug|Any CPU.Build.0 = Debug|Any CPU
		{28785948-5DCD-4BA5-A795-8E6019CCBECA}.Release|Any CPU.ActiveCfg = Release|Any CPU
		{28785948-5DCD-4BA5-A795-8E6019CCBECA}.Release|Any CPU.Build.0 = Release|Any CPU
	EndGlobalSection
	GlobalSection(SolutionProperties) = preSolution
		HideSolutionNode = FALSE
	EndGlobalSection
	GlobalSection(ExtensibilityGlobals) = postSolution
		SolutionGuid = {EBAEA7E0-2553-4F1B-8D0F-97B3CA4E9EA7}
	EndGlobalSection
EndGlobal
